// !$*UTF8*$!
{
	archiveVersion = 1;
	classes = {
	};
	objectVersion = 46;
	objects = {

/* Begin PBXBuildFile section */
		624517811CE62997001EC421 /* main.m in Sources */ = {isa = PBXBuildFile; fileRef = 624517801CE62997001EC421 /* main.m */; };
		624517841CE62997001EC421 /* AppDelegate.m in Sources */ = {isa = PBXBuildFile; fileRef = 624517831CE62997001EC421 /* AppDelegate.m */; };
		624517871CE62997001EC421 /* ViewController.m in Sources */ = {isa = PBXBuildFile; fileRef = 624517861CE62997001EC421 /* ViewController.m */; };
		6245178A1CE62997001EC421 /* Main.storyboard in Resources */ = {isa = PBXBuildFile; fileRef = 624517881CE62997001EC421 /* Main.storyboard */; };
		6245178C1CE62997001EC421 /* Assets.xcassets in Resources */ = {isa = PBXBuildFile; fileRef = 6245178B1CE62997001EC421 /* Assets.xcassets */; };
		6245178F1CE62997001EC421 /* LaunchScreen.storyboard in Resources */ = {isa = PBXBuildFile; fileRef = 6245178D1CE62997001EC421 /* LaunchScreen.storyboard */; };
		6245179A1CE62997001EC421 /* ElephanterpreterTests.m in Sources */ = {isa = PBXBuildFile; fileRef = 624517991CE62997001EC421 /* ElephanterpreterTests.m */; };
		624517A51CE62997001EC421 /* ElephanterpreterUITests.m in Sources */ = {isa = PBXBuildFile; fileRef = 624517A41CE62997001EC421 /* ElephanterpreterUITests.m */; };
		6245182D1CE634B7001EC421 /* blob.c in Sources */ = {isa = PBXBuildFile; fileRef = 624518031CE634B7001EC421 /* blob.c */; };
		6245182E1CE634B7001EC421 /* bool.c in Sources */ = {isa = PBXBuildFile; fileRef = 624518041CE634B7001EC421 /* bool.c */; };
		6245182F1CE634B7001EC421 /* boot.c in Sources */ = {isa = PBXBuildFile; fileRef = 624518051CE634B7001EC421 /* boot.c */; };
		624518301CE634B7001EC421 /* char.c in Sources */ = {isa = PBXBuildFile; fileRef = 624518061CE634B7001EC421 /* char.c */; };
		624518311CE634B7001EC421 /* cont.c in Sources */ = {isa = PBXBuildFile; fileRef = 624518071CE634B7001EC421 /* cont.c */; };
		624518321CE634B7001EC421 /* data.c in Sources */ = {isa = PBXBuildFile; fileRef = 624518081CE634B7001EC421 /* data.c */; };
		624518331CE634B7001EC421 /* debug.c in Sources */ = {isa = PBXBuildFile; fileRef = 624518091CE634B7001EC421 /* debug.c */; };
		624518341CE634B7001EC421 /* dict.c in Sources */ = {isa = PBXBuildFile; fileRef = 6245180A1CE634B7001EC421 /* dict.c */; };
		624518351CE634B7001EC421 /* error.c in Sources */ = {isa = PBXBuildFile; fileRef = 6245180B1CE634B7001EC421 /* error.c */; };
		624518361CE634B7001EC421 /* eval.c in Sources */ = {isa = PBXBuildFile; fileRef = 6245180C1CE634B7001EC421 /* eval.c */; };
		624518371CE634B7001EC421 /* file.c in Sources */ = {isa = PBXBuildFile; fileRef = 6245180D1CE634B7001EC421 /* file.c */; };
		624518381CE634B7001EC421 /* gc.c in Sources */ = {isa = PBXBuildFile; fileRef = 6245180E1CE634B7001EC421 /* gc.c */; };
		624518391CE634B7001EC421 /* lib.c in Sources */ = {isa = PBXBuildFile; fileRef = 6245181C1CE634B7001EC421 /* lib.c */; };
		6245183A1CE634B7001EC421 /* load.c in Sources */ = {isa = PBXBuildFile; fileRef = 6245181D1CE634B7001EC421 /* load.c */; };
		6245183B1CE634B7001EC421 /* number.c in Sources */ = {isa = PBXBuildFile; fileRef = 6245181E1CE634B7001EC421 /* number.c */; };
		6245183C1CE634B7001EC421 /* pair.c in Sources */ = {isa = PBXBuildFile; fileRef = 6245181F1CE634B7001EC421 /* pair.c */; };
		6245183D1CE634B7001EC421 /* port.c in Sources */ = {isa = PBXBuildFile; fileRef = 624518201CE634B7001EC421 /* port.c */; };
		6245183E1CE634B7001EC421 /* proc.c in Sources */ = {isa = PBXBuildFile; fileRef = 624518211CE634B7001EC421 /* proc.c */; };
		6245183F1CE634B7001EC421 /* read.c in Sources */ = {isa = PBXBuildFile; fileRef = 624518221CE634B7001EC421 /* read.c */; };
		624518401CE634B7001EC421 /* README.md in Sources */ = {isa = PBXBuildFile; fileRef = 624518231CE634B7001EC421 /* README.md */; };
		624518411CE634B7001EC421 /* record.c in Sources */ = {isa = PBXBuildFile; fileRef = 624518241CE634B7001EC421 /* record.c */; };
		624518421CE634B7001EC421 /* state.c in Sources */ = {isa = PBXBuildFile; fileRef = 624518251CE634B7001EC421 /* state.c */; };
		624518431CE634B7001EC421 /* string.c in Sources */ = {isa = PBXBuildFile; fileRef = 624518261CE634B7001EC421 /* string.c */; };
		624518441CE634B7001EC421 /* symbol.c in Sources */ = {isa = PBXBuildFile; fileRef = 624518271CE634B7001EC421 /* symbol.c */; };
		624518451CE634B7001EC421 /* value.c in Sources */ = {isa = PBXBuildFile; fileRef = 624518281CE634B7001EC421 /* value.c */; };
		624518461CE634B7001EC421 /* var.c in Sources */ = {isa = PBXBuildFile; fileRef = 624518291CE634B7001EC421 /* var.c */; };
		624518471CE634B7001EC421 /* vector.c in Sources */ = {isa = PBXBuildFile; fileRef = 6245182A1CE634B7001EC421 /* vector.c */; };
		624518481CE634B7001EC421 /* weak.c in Sources */ = {isa = PBXBuildFile; fileRef = 6245182B1CE634B7001EC421 /* weak.c */; };
		624518491CE634B7001EC421 /* write.c in Sources */ = {isa = PBXBuildFile; fileRef = 6245182C1CE634B7001EC421 /* write.c */; };
/* End PBXBuildFile section */

/* Begin PBXContainerItemProxy section */
		624517961CE62997001EC421 /* PBXContainerItemProxy */ = {
			isa = PBXContainerItemProxy;
			containerPortal = 624517741CE62997001EC421 /* Project object */;
			proxyType = 1;
			remoteGlobalIDString = 6245177B1CE62997001EC421;
			remoteInfo = Elephanterpreter;
		};
		624517A11CE62997001EC421 /* PBXContainerItemProxy */ = {
			isa = PBXContainerItemProxy;
			containerPortal = 624517741CE62997001EC421 /* Project object */;
			proxyType = 1;
			remoteGlobalIDString = 6245177B1CE62997001EC421;
			remoteInfo = Elephanterpreter;
		};
/* End PBXContainerItemProxy section */

/* Begin PBXFileReference section */
		6245177C1CE62997001EC421 /* Elephanterpreter.app */ = {isa = PBXFileReference; explicitFileType = wrapper.application; includeInIndex = 0; path = Elephanterpreter.app; sourceTree = BUILT_PRODUCTS_DIR; };
		624517801CE62997001EC421 /* main.m */ = {isa = PBXFileReference; lastKnownFileType = sourcecode.c.objc; path = main.m; sourceTree = "<group>"; };
		624517821CE62997001EC421 /* AppDelegate.h */ = {isa = PBXFileReference; lastKnownFileType = sourcecode.c.h; path = AppDelegate.h; sourceTree = "<group>"; };
		624517831CE62997001EC421 /* AppDelegate.m */ = {isa = PBXFileReference; lastKnownFileType = sourcecode.c.objc; path = AppDelegate.m; sourceTree = "<group>"; };
		624517851CE62997001EC421 /* ViewController.h */ = {isa = PBXFileReference; lastKnownFileType = sourcecode.c.h; path = ViewController.h; sourceTree = "<group>"; };
		624517861CE62997001EC421 /* ViewController.m */ = {isa = PBXFileReference; lastKnownFileType = sourcecode.c.objc; path = ViewController.m; sourceTree = "<group>"; };
		624517891CE62997001EC421 /* Base */ = {isa = PBXFileReference; lastKnownFileType = file.storyboard; name = Base; path = Base.lproj/Main.storyboard; sourceTree = "<group>"; };
		6245178B1CE62997001EC421 /* Assets.xcassets */ = {isa = PBXFileReference; lastKnownFileType = folder.assetcatalog; path = Assets.xcassets; sourceTree = "<group>"; };
		6245178E1CE62997001EC421 /* Base */ = {isa = PBXFileReference; lastKnownFileType = file.storyboard; name = Base; path = Base.lproj/LaunchScreen.storyboard; sourceTree = "<group>"; };
		624517901CE62997001EC421 /* Info.plist */ = {isa = PBXFileReference; lastKnownFileType = text.plist.xml; path = Info.plist; sourceTree = "<group>"; };
		624517951CE62997001EC421 /* ElephanterpreterTests.xctest */ = {isa = PBXFileReference; explicitFileType = wrapper.cfbundle; includeInIndex = 0; path = ElephanterpreterTests.xctest; sourceTree = BUILT_PRODUCTS_DIR; };
		624517991CE62997001EC421 /* ElephanterpreterTests.m */ = {isa = PBXFileReference; lastKnownFileType = sourcecode.c.objc; path = ElephanterpreterTests.m; sourceTree = "<group>"; };
		6245179B1CE62997001EC421 /* Info.plist */ = {isa = PBXFileReference; lastKnownFileType = text.plist.xml; path = Info.plist; sourceTree = "<group>"; };
		624517A01CE62997001EC421 /* ElephanterpreterUITests.xctest */ = {isa = PBXFileReference; explicitFileType = wrapper.cfbundle; includeInIndex = 0; path = ElephanterpreterUITests.xctest; sourceTree = BUILT_PRODUCTS_DIR; };
		624517A41CE62997001EC421 /* ElephanterpreterUITests.m */ = {isa = PBXFileReference; lastKnownFileType = sourcecode.c.objc; path = ElephanterpreterUITests.m; sourceTree = "<group>"; };
		624517A61CE62997001EC421 /* Info.plist */ = {isa = PBXFileReference; lastKnownFileType = text.plist.xml; path = Info.plist; sourceTree = "<group>"; };
		624518031CE634B7001EC421 /* blob.c */ = {isa = PBXFileReference; fileEncoding = 4; lastKnownFileType = sourcecode.c.c; path = blob.c; sourceTree = "<group>"; };
		624518041CE634B7001EC421 /* bool.c */ = {isa = PBXFileReference; fileEncoding = 4; lastKnownFileType = sourcecode.c.c; path = bool.c; sourceTree = "<group>"; };
		624518051CE634B7001EC421 /* boot.c */ = {isa = PBXFileReference; fileEncoding = 4; lastKnownFileType = sourcecode.c.c; path = boot.c; sourceTree = "<group>"; };
		624518061CE634B7001EC421 /* char.c */ = {isa = PBXFileReference; fileEncoding = 4; lastKnownFileType = sourcecode.c.c; path = char.c; sourceTree = "<group>"; };
		624518071CE634B7001EC421 /* cont.c */ = {isa = PBXFileReference; fileEncoding = 4; lastKnownFileType = sourcecode.c.c; path = cont.c; sourceTree = "<group>"; };
		624518081CE634B7001EC421 /* data.c */ = {isa = PBXFileReference; fileEncoding = 4; lastKnownFileType = sourcecode.c.c; path = data.c; sourceTree = "<group>"; };
		624518091CE634B7001EC421 /* debug.c */ = {isa = PBXFileReference; fileEncoding = 4; lastKnownFileType = sourcecode.c.c; path = debug.c; sourceTree = "<group>"; };
		6245180A1CE634B7001EC421 /* dict.c */ = {isa = PBXFileReference; fileEncoding = 4; lastKnownFileType = sourcecode.c.c; path = dict.c; sourceTree = "<group>"; };
		6245180B1CE634B7001EC421 /* error.c */ = {isa = PBXFileReference; fileEncoding = 4; lastKnownFileType = sourcecode.c.c; path = error.c; sourceTree = "<group>"; };
		6245180C1CE634B7001EC421 /* eval.c */ = {isa = PBXFileReference; fileEncoding = 4; lastKnownFileType = sourcecode.c.c; path = eval.c; sourceTree = "<group>"; };
		6245180D1CE634B7001EC421 /* file.c */ = {isa = PBXFileReference; fileEncoding = 4; lastKnownFileType = sourcecode.c.c; path = file.c; sourceTree = "<group>"; };
		6245180E1CE634B7001EC421 /* gc.c */ = {isa = PBXFileReference; fileEncoding = 4; lastKnownFileType = sourcecode.c.c; path = gc.c; sourceTree = "<group>"; };
		624518101CE634B7001EC421 /* picconf.h */ = {isa = PBXFileReference; fileEncoding = 4; lastKnownFileType = sourcecode.c.h; path = picconf.h; sourceTree = "<group>"; };
		624518121CE634B7001EC421 /* extra.h */ = {isa = PBXFileReference; fileEncoding = 4; lastKnownFileType = sourcecode.c.h; path = extra.h; sourceTree = "<group>"; };
		624518141CE634B7001EC421 /* file.h */ = {isa = PBXFileReference; fileEncoding = 4; lastKnownFileType = sourcecode.c.h; path = file.h; sourceTree = "<group>"; };
		624518151CE634B7001EC421 /* gc.h */ = {isa = PBXFileReference; fileEncoding = 4; lastKnownFileType = sourcecode.c.h; path = gc.h; sourceTree = "<group>"; };
		624518161CE634B7001EC421 /* khash.h */ = {isa = PBXFileReference; fileEncoding = 4; lastKnownFileType = sourcecode.c.h; path = khash.h; sourceTree = "<group>"; };
		624518171CE634B7001EC421 /* object.h */ = {isa = PBXFileReference; fileEncoding = 4; lastKnownFileType = sourcecode.c.h; path = object.h; sourceTree = "<group>"; };
		624518181CE634B7001EC421 /* state.h */ = {isa = PBXFileReference; fileEncoding = 4; lastKnownFileType = sourcecode.c.h; path = state.h; sourceTree = "<group>"; };
		624518191CE634B7001EC421 /* vm.h */ = {isa = PBXFileReference; fileEncoding = 4; lastKnownFileType = sourcecode.c.h; path = vm.h; sourceTree = "<group>"; };
		6245181A1CE634B7001EC421 /* setup.h */ = {isa = PBXFileReference; fileEncoding = 4; lastKnownFileType = sourcecode.c.h; path = setup.h; sourceTree = "<group>"; };
		6245181B1CE634B7001EC421 /* picrin.h */ = {isa = PBXFileReference; fileEncoding = 4; lastKnownFileType = sourcecode.c.h; path = picrin.h; sourceTree = "<group>"; };
		6245181C1CE634B7001EC421 /* lib.c */ = {isa = PBXFileReference; fileEncoding = 4; lastKnownFileType = sourcecode.c.c; path = lib.c; sourceTree = "<group>"; };
		6245181D1CE634B7001EC421 /* load.c */ = {isa = PBXFileReference; fileEncoding = 4; lastKnownFileType = sourcecode.c.c; path = load.c; sourceTree = "<group>"; };
		6245181E1CE634B7001EC421 /* number.c */ = {isa = PBXFileReference; fileEncoding = 4; lastKnownFileType = sourcecode.c.c; path = number.c; sourceTree = "<group>"; };
		6245181F1CE634B7001EC421 /* pair.c */ = {isa = PBXFileReference; fileEncoding = 4; lastKnownFileType = sourcecode.c.c; path = pair.c; sourceTree = "<group>"; };
		624518201CE634B7001EC421 /* port.c */ = {isa = PBXFileReference; fileEncoding = 4; lastKnownFileType = sourcecode.c.c; path = port.c; sourceTree = "<group>"; };
		624518211CE634B7001EC421 /* proc.c */ = {isa = PBXFileReference; fileEncoding = 4; lastKnownFileType = sourcecode.c.c; path = proc.c; sourceTree = "<group>"; };
		624518221CE634B7001EC421 /* read.c */ = {isa = PBXFileReference; fileEncoding = 4; lastKnownFileType = sourcecode.c.c; path = read.c; sourceTree = "<group>"; };
		624518231CE634B7001EC421 /* README.md */ = {isa = PBXFileReference; fileEncoding = 4; lastKnownFileType = net.daringfireball.markdown; path = README.md; sourceTree = "<group>"; };
		624518241CE634B7001EC421 /* record.c */ = {isa = PBXFileReference; fileEncoding = 4; lastKnownFileType = sourcecode.c.c; path = record.c; sourceTree = "<group>"; };
		624518251CE634B7001EC421 /* state.c */ = {isa = PBXFileReference; fileEncoding = 4; lastKnownFileType = sourcecode.c.c; path = state.c; sourceTree = "<group>"; };
		624518261CE634B7001EC421 /* string.c */ = {isa = PBXFileReference; fileEncoding = 4; lastKnownFileType = sourcecode.c.c; path = string.c; sourceTree = "<group>"; };
		624518271CE634B7001EC421 /* symbol.c */ = {isa = PBXFileReference; fileEncoding = 4; lastKnownFileType = sourcecode.c.c; path = symbol.c; sourceTree = "<group>"; };
		624518281CE634B7001EC421 /* value.c */ = {isa = PBXFileReference; fileEncoding = 4; lastKnownFileType = sourcecode.c.c; path = value.c; sourceTree = "<group>"; };
		624518291CE634B7001EC421 /* var.c */ = {isa = PBXFileReference; fileEncoding = 4; lastKnownFileType = sourcecode.c.c; path = var.c; sourceTree = "<group>"; };
		6245182A1CE634B7001EC421 /* vector.c */ = {isa = PBXFileReference; fileEncoding = 4; lastKnownFileType = sourcecode.c.c; path = vector.c; sourceTree = "<group>"; };
		6245182B1CE634B7001EC421 /* weak.c */ = {isa = PBXFileReference; fileEncoding = 4; lastKnownFileType = sourcecode.c.c; path = weak.c; sourceTree = "<group>"; };
		6245182C1CE634B7001EC421 /* write.c */ = {isa = PBXFileReference; fileEncoding = 4; lastKnownFileType = sourcecode.c.c; path = write.c; sourceTree = "<group>"; };
/* End PBXFileReference section */

/* Begin PBXFrameworksBuildPhase section */
		624517791CE62997001EC421 /* Frameworks */ = {
			isa = PBXFrameworksBuildPhase;
			buildActionMask = 2147483647;
			files = (
			);
			runOnlyForDeploymentPostprocessing = 0;
		};
		624517921CE62997001EC421 /* Frameworks */ = {
			isa = PBXFrameworksBuildPhase;
			buildActionMask = 2147483647;
			files = (
			);
			runOnlyForDeploymentPostprocessing = 0;
		};
		6245179D1CE62997001EC421 /* Frameworks */ = {
			isa = PBXFrameworksBuildPhase;
			buildActionMask = 2147483647;
			files = (
			);
			runOnlyForDeploymentPostprocessing = 0;
		};
/* End PBXFrameworksBuildPhase section */

/* Begin PBXGroup section */
		624517731CE62997001EC421 = {
			isa = PBXGroup;
			children = (
				6245177D1CE62997001EC421 /* Products */,
				624517B31CE62A0D001EC421 /* Resources */,
				6245177E1CE62997001EC421 /* Source */,
				6245177F1CE62997001EC421 /* SupportFiles */,
				624517B21CE629F8001EC421 /* Tests */,
				624517FF1CE633C7001EC421 /* Vendor */,
			);
			sourceTree = "<group>";
		};
		6245177D1CE62997001EC421 /* Products */ = {
			isa = PBXGroup;
			children = (
				6245177C1CE62997001EC421 /* Elephanterpreter.app */,
				624517951CE62997001EC421 /* ElephanterpreterTests.xctest */,
				624517A01CE62997001EC421 /* ElephanterpreterUITests.xctest */,
			);
			name = Products;
			sourceTree = "<group>";
		};
		6245177E1CE62997001EC421 /* Source */ = {
			isa = PBXGroup;
			children = (
				624517821CE62997001EC421 /* AppDelegate.h */,
				624517831CE62997001EC421 /* AppDelegate.m */,
				624517851CE62997001EC421 /* ViewController.h */,
				624517861CE62997001EC421 /* ViewController.m */,
			);
			path = Source;
			sourceTree = "<group>";
		};
		6245177F1CE62997001EC421 /* SupportFiles */ = {
			isa = PBXGroup;
			children = (
				624517901CE62997001EC421 /* Info.plist */,
				624517801CE62997001EC421 /* main.m */,
			);
			path = SupportFiles;
			sourceTree = "<group>";
		};
		624517981CE62997001EC421 /* UnitTests */ = {
			isa = PBXGroup;
			children = (
				624517991CE62997001EC421 /* ElephanterpreterTests.m */,
				6245179B1CE62997001EC421 /* Info.plist */,
			);
			path = UnitTests;
			sourceTree = "<group>";
		};
		624517A31CE62997001EC421 /* UITests */ = {
			isa = PBXGroup;
			children = (
				624517A41CE62997001EC421 /* ElephanterpreterUITests.m */,
				624517A61CE62997001EC421 /* Info.plist */,
			);
			path = UITests;
			sourceTree = "<group>";
		};
		624517B21CE629F8001EC421 /* Tests */ = {
			isa = PBXGroup;
			children = (
				624517A31CE62997001EC421 /* UITests */,
				624517981CE62997001EC421 /* UnitTests */,
			);
			path = Tests;
			sourceTree = "<group>";
		};
		624517B31CE62A0D001EC421 /* Resources */ = {
			isa = PBXGroup;
			children = (
				6245178B1CE62997001EC421 /* Assets.xcassets */,
				6245178D1CE62997001EC421 /* LaunchScreen.storyboard */,
				624517881CE62997001EC421 /* Main.storyboard */,
			);
			path = Resources;
			sourceTree = "<group>";
		};
		624517FF1CE633C7001EC421 /* Vendor */ = {
			isa = PBXGroup;
			children = (
				624518021CE634B7001EC421 /* benz */,
			);
			path = Vendor;
			sourceTree = "<group>";
		};
		624518021CE634B7001EC421 /* benz */ = {
			isa = PBXGroup;
			children = (
				624518031CE634B7001EC421 /* blob.c */,
				624518041CE634B7001EC421 /* bool.c */,
				624518051CE634B7001EC421 /* boot.c */,
				624518061CE634B7001EC421 /* char.c */,
				624518071CE634B7001EC421 /* cont.c */,
				624518081CE634B7001EC421 /* data.c */,
				624518091CE634B7001EC421 /* debug.c */,
				6245180A1CE634B7001EC421 /* dict.c */,
				6245180B1CE634B7001EC421 /* error.c */,
				6245180C1CE634B7001EC421 /* eval.c */,
				6245180D1CE634B7001EC421 /* file.c */,
				6245180E1CE634B7001EC421 /* gc.c */,
				6245180F1CE634B7001EC421 /* include */,
				6245181C1CE634B7001EC421 /* lib.c */,
				6245181D1CE634B7001EC421 /* load.c */,
				6245181E1CE634B7001EC421 /* number.c */,
				6245181F1CE634B7001EC421 /* pair.c */,
				624518201CE634B7001EC421 /* port.c */,
				624518211CE634B7001EC421 /* proc.c */,
				624518221CE634B7001EC421 /* read.c */,
				624518231CE634B7001EC421 /* README.md */,
				624518241CE634B7001EC421 /* record.c */,
				624518251CE634B7001EC421 /* state.c */,
				624518261CE634B7001EC421 /* string.c */,
				624518271CE634B7001EC421 /* symbol.c */,
				624518281CE634B7001EC421 /* value.c */,
				624518291CE634B7001EC421 /* var.c */,
				6245182A1CE634B7001EC421 /* vector.c */,
				6245182B1CE634B7001EC421 /* weak.c */,
				6245182C1CE634B7001EC421 /* write.c */,
			);
			path = benz;
			sourceTree = "<group>";
		};
		6245180F1CE634B7001EC421 /* include */ = {
			isa = PBXGroup;
			children = (
				624518101CE634B7001EC421 /* picconf.h */,
				624518111CE634B7001EC421 /* picrin */,
				6245181B1CE634B7001EC421 /* picrin.h */,
			);
			path = include;
			sourceTree = "<group>";
		};
		624518111CE634B7001EC421 /* picrin */ = {
			isa = PBXGroup;
			children = (
				624518121CE634B7001EC421 /* extra.h */,
				624518131CE634B7001EC421 /* private */,
				6245181A1CE634B7001EC421 /* setup.h */,
			);
			path = picrin;
			sourceTree = "<group>";
		};
		624518131CE634B7001EC421 /* private */ = {
			isa = PBXGroup;
			children = (
				624518141CE634B7001EC421 /* file.h */,
				624518151CE634B7001EC421 /* gc.h */,
				624518161CE634B7001EC421 /* khash.h */,
				624518171CE634B7001EC421 /* object.h */,
				624518181CE634B7001EC421 /* state.h */,
				624518191CE634B7001EC421 /* vm.h */,
			);
			path = private;
			sourceTree = "<group>";
		};
/* End PBXGroup section */

/* Begin PBXNativeTarget section */
		6245177B1CE62997001EC421 /* Elephanterpreter */ = {
			isa = PBXNativeTarget;
			buildConfigurationList = 624517A91CE62997001EC421 /* Build configuration list for PBXNativeTarget "Elephanterpreter" */;
			buildPhases = (
				624517781CE62997001EC421 /* Sources */,
				624517791CE62997001EC421 /* Frameworks */,
				6245177A1CE62997001EC421 /* Resources */,
			);
			buildRules = (
			);
			dependencies = (
			);
			name = Elephanterpreter;
			productName = Elephanterpreter;
			productReference = 6245177C1CE62997001EC421 /* Elephanterpreter.app */;
			productType = "com.apple.product-type.application";
		};
		624517941CE62997001EC421 /* ElephanterpreterTests */ = {
			isa = PBXNativeTarget;
			buildConfigurationList = 624517AC1CE62997001EC421 /* Build configuration list for PBXNativeTarget "ElephanterpreterTests" */;
			buildPhases = (
				624517911CE62997001EC421 /* Sources */,
				624517921CE62997001EC421 /* Frameworks */,
				624517931CE62997001EC421 /* Resources */,
			);
			buildRules = (
			);
			dependencies = (
				624517971CE62997001EC421 /* PBXTargetDependency */,
			);
			name = ElephanterpreterTests;
			productName = ElephanterpreterTests;
			productReference = 624517951CE62997001EC421 /* ElephanterpreterTests.xctest */;
			productType = "com.apple.product-type.bundle.unit-test";
		};
		6245179F1CE62997001EC421 /* ElephanterpreterUITests */ = {
			isa = PBXNativeTarget;
			buildConfigurationList = 624517AF1CE62997001EC421 /* Build configuration list for PBXNativeTarget "ElephanterpreterUITests" */;
			buildPhases = (
				6245179C1CE62997001EC421 /* Sources */,
				6245179D1CE62997001EC421 /* Frameworks */,
				6245179E1CE62997001EC421 /* Resources */,
			);
			buildRules = (
			);
			dependencies = (
				624517A21CE62997001EC421 /* PBXTargetDependency */,
			);
			name = ElephanterpreterUITests;
			productName = ElephanterpreterUITests;
			productReference = 624517A01CE62997001EC421 /* ElephanterpreterUITests.xctest */;
			productType = "com.apple.product-type.bundle.ui-testing";
		};
/* End PBXNativeTarget section */

/* Begin PBXProject section */
		624517741CE62997001EC421 /* Project object */ = {
			isa = PBXProject;
			attributes = {
				LastUpgradeCheck = 0730;
				ORGANIZATIONNAME = "Alexis Digital";
				TargetAttributes = {
					6245177B1CE62997001EC421 = {
						CreatedOnToolsVersion = 7.3.1;
					};
					624517941CE62997001EC421 = {
						CreatedOnToolsVersion = 7.3.1;
						TestTargetID = 6245177B1CE62997001EC421;
					};
					6245179F1CE62997001EC421 = {
						CreatedOnToolsVersion = 7.3.1;
						TestTargetID = 6245177B1CE62997001EC421;
					};
				};
			};
			buildConfigurationList = 624517771CE62997001EC421 /* Build configuration list for PBXProject "Elephanterpreter" */;
			compatibilityVersion = "Xcode 3.2";
			developmentRegion = English;
			hasScannedForEncodings = 0;
			knownRegions = (
				en,
				Base,
			);
			mainGroup = 624517731CE62997001EC421;
			productRefGroup = 6245177D1CE62997001EC421 /* Products */;
			projectDirPath = "";
			projectRoot = "";
			targets = (
				6245177B1CE62997001EC421 /* Elephanterpreter */,
				624517941CE62997001EC421 /* ElephanterpreterTests */,
				6245179F1CE62997001EC421 /* ElephanterpreterUITests */,
			);
		};
/* End PBXProject section */

/* Begin PBXResourcesBuildPhase section */
		6245177A1CE62997001EC421 /* Resources */ = {
			isa = PBXResourcesBuildPhase;
			buildActionMask = 2147483647;
			files = (
				6245178F1CE62997001EC421 /* LaunchScreen.storyboard in Resources */,
				6245178C1CE62997001EC421 /* Assets.xcassets in Resources */,
				6245178A1CE62997001EC421 /* Main.storyboard in Resources */,
			);
			runOnlyForDeploymentPostprocessing = 0;
		};
		624517931CE62997001EC421 /* Resources */ = {
			isa = PBXResourcesBuildPhase;
			buildActionMask = 2147483647;
			files = (
			);
			runOnlyForDeploymentPostprocessing = 0;
		};
		6245179E1CE62997001EC421 /* Resources */ = {
			isa = PBXResourcesBuildPhase;
			buildActionMask = 2147483647;
			files = (
			);
			runOnlyForDeploymentPostprocessing = 0;
		};
/* End PBXResourcesBuildPhase section */

/* Begin PBXSourcesBuildPhase section */
		624517781CE62997001EC421 /* Sources */ = {
			isa = PBXSourcesBuildPhase;
			buildActionMask = 2147483647;
			files = (
				6245183D1CE634B7001EC421 /* port.c in Sources */,
				624518361CE634B7001EC421 /* eval.c in Sources */,
				6245182E1CE634B7001EC421 /* bool.c in Sources */,
				624518491CE634B7001EC421 /* write.c in Sources */,
				624518421CE634B7001EC421 /* state.c in Sources */,
				624518461CE634B7001EC421 /* var.c in Sources */,
				6245183F1CE634B7001EC421 /* read.c in Sources */,
				624518381CE634B7001EC421 /* gc.c in Sources */,
				624518331CE634B7001EC421 /* debug.c in Sources */,
				624518471CE634B7001EC421 /* vector.c in Sources */,
				6245183B1CE634B7001EC421 /* number.c in Sources */,
				624518301CE634B7001EC421 /* char.c in Sources */,
				624518401CE634B7001EC421 /* README.md in Sources */,
				6245182F1CE634B7001EC421 /* boot.c in Sources */,
				624518311CE634B7001EC421 /* cont.c in Sources */,
				6245183C1CE634B7001EC421 /* pair.c in Sources */,
				624518481CE634B7001EC421 /* weak.c in Sources */,
				624518451CE634B7001EC421 /* value.c in Sources */,
				624517871CE62997001EC421 /* ViewController.m in Sources */,
				624518351CE634B7001EC421 /* error.c in Sources */,
				624518341CE634B7001EC421 /* dict.c in Sources */,
				624518371CE634B7001EC421 /* file.c in Sources */,
				624518411CE634B7001EC421 /* record.c in Sources */,
				624517841CE62997001EC421 /* AppDelegate.m in Sources */,
				6245182D1CE634B7001EC421 /* blob.c in Sources */,
				624518391CE634B7001EC421 /* lib.c in Sources */,
				624517811CE62997001EC421 /* main.m in Sources */,
				624518431CE634B7001EC421 /* string.c in Sources */,
				624518441CE634B7001EC421 /* symbol.c in Sources */,
				624518321CE634B7001EC421 /* data.c in Sources */,
				6245183A1CE634B7001EC421 /* load.c in Sources */,
				6245183E1CE634B7001EC421 /* proc.c in Sources */,
			);
			runOnlyForDeploymentPostprocessing = 0;
		};
		624517911CE62997001EC421 /* Sources */ = {
			isa = PBXSourcesBuildPhase;
			buildActionMask = 2147483647;
			files = (
				6245179A1CE62997001EC421 /* ElephanterpreterTests.m in Sources */,
			);
			runOnlyForDeploymentPostprocessing = 0;
		};
		6245179C1CE62997001EC421 /* Sources */ = {
			isa = PBXSourcesBuildPhase;
			buildActionMask = 2147483647;
			files = (
				624517A51CE62997001EC421 /* ElephanterpreterUITests.m in Sources */,
			);
			runOnlyForDeploymentPostprocessing = 0;
		};
/* End PBXSourcesBuildPhase section */

/* Begin PBXTargetDependency section */
		624517971CE62997001EC421 /* PBXTargetDependency */ = {
			isa = PBXTargetDependency;
			target = 6245177B1CE62997001EC421 /* Elephanterpreter */;
			targetProxy = 624517961CE62997001EC421 /* PBXContainerItemProxy */;
		};
		624517A21CE62997001EC421 /* PBXTargetDependency */ = {
			isa = PBXTargetDependency;
			target = 6245177B1CE62997001EC421 /* Elephanterpreter */;
			targetProxy = 624517A11CE62997001EC421 /* PBXContainerItemProxy */;
		};
/* End PBXTargetDependency section */

/* Begin PBXVariantGroup section */
		624517881CE62997001EC421 /* Main.storyboard */ = {
			isa = PBXVariantGroup;
			children = (
				624517891CE62997001EC421 /* Base */,
			);
			name = Main.storyboard;
			path = .;
			sourceTree = "<group>";
		};
		6245178D1CE62997001EC421 /* LaunchScreen.storyboard */ = {
			isa = PBXVariantGroup;
			children = (
				6245178E1CE62997001EC421 /* Base */,
			);
			name = LaunchScreen.storyboard;
			path = .;
			sourceTree = "<group>";
		};
/* End PBXVariantGroup section */

/* Begin XCBuildConfiguration section */
		624517A71CE62997001EC421 /* Debug */ = {
			isa = XCBuildConfiguration;
			buildSettings = {
				ALWAYS_SEARCH_USER_PATHS = NO;
				CLANG_ANALYZER_LOCALIZABILITY_EMPTY_CONTEXT = YES;
				CLANG_ANALYZER_LOCALIZABILITY_NONLOCALIZED = YES;
				CLANG_ANALYZER_NONNULL = YES;
				CLANG_ANALYZER_SECURITY_FLOATLOOPCOUNTER = YES;
				CLANG_ANALYZER_SECURITY_INSECUREAPI_RAND = YES;
				CLANG_ANALYZER_SECURITY_INSECUREAPI_STRCPY = YES;
				CLANG_CXX_LANGUAGE_STANDARD = "gnu++0x";
				CLANG_CXX_LIBRARY = "libc++";
				CLANG_ENABLE_MODULES = YES;
				CLANG_ENABLE_OBJC_ARC = YES;
				CLANG_WARN_ASSIGN_ENUM = YES;
				CLANG_WARN_BOOL_CONVERSION = YES;
				CLANG_WARN_CONSTANT_CONVERSION = YES;
				CLANG_WARN_CXX0X_EXTENSIONS = YES;
				CLANG_WARN_DEPRECATED_OBJC_IMPLEMENTATIONS = YES;
				CLANG_WARN_DIRECT_OBJC_ISA_USAGE = YES_ERROR;
				CLANG_WARN_DOCUMENTATION_COMMENTS = YES;
				CLANG_WARN_EMPTY_BODY = YES;
				CLANG_WARN_ENUM_CONVERSION = YES;
				CLANG_WARN_IMPLICIT_SIGN_CONVERSION = YES;
				CLANG_WARN_INT_CONVERSION = YES;
				CLANG_WARN_NULLABLE_TO_NONNULL_CONVERSION = YES;
				CLANG_WARN_OBJC_EXPLICIT_OWNERSHIP_TYPE = YES;
				CLANG_WARN_OBJC_IMPLICIT_ATOMIC_PROPERTIES = YES;
				CLANG_WARN_OBJC_IMPLICIT_RETAIN_SELF = YES;
				CLANG_WARN_OBJC_MISSING_PROPERTY_SYNTHESIS = NO;
				CLANG_WARN_OBJC_ROOT_CLASS = YES_ERROR;
				CLANG_WARN_SUSPICIOUS_IMPLICIT_CONVERSION = YES;
				CLANG_WARN_UNREACHABLE_CODE = YES;
				CLANG_WARN__DUPLICATE_METHOD_MATCH = YES;
				CLANG_WARN__EXIT_TIME_DESTRUCTORS = YES;
				"CODE_SIGN_IDENTITY[sdk=iphoneos*]" = "iPhone Developer";
				COPY_PHASE_STRIP = NO;
				DEBUG_INFORMATION_FORMAT = dwarf;
				ENABLE_STRICT_OBJC_MSGSEND = YES;
				ENABLE_TESTABILITY = YES;
				GCC_C_LANGUAGE_STANDARD = gnu99;
				GCC_DYNAMIC_NO_PIC = NO;
				GCC_NO_COMMON_BLOCKS = YES;
				GCC_OPTIMIZATION_LEVEL = 0;
				GCC_PREPROCESSOR_DEFINITIONS = (
					"DEBUG=1",
					"$(inherited)",
				);
				GCC_TREAT_IMPLICIT_FUNCTION_DECLARATIONS_AS_ERRORS = YES;
				GCC_TREAT_INCOMPATIBLE_POINTER_TYPE_WARNINGS_AS_ERRORS = YES;
				GCC_TREAT_WARNINGS_AS_ERRORS = YES;
				GCC_WARN_64_TO_32_BIT_CONVERSION = YES;
				GCC_WARN_ABOUT_MISSING_FIELD_INITIALIZERS = YES;
				GCC_WARN_ABOUT_MISSING_NEWLINE = YES;
				GCC_WARN_ABOUT_MISSING_PROTOTYPES = YES;
				GCC_WARN_ABOUT_RETURN_TYPE = YES_ERROR;
				GCC_WARN_FOUR_CHARACTER_CONSTANTS = YES;
				GCC_WARN_HIDDEN_VIRTUAL_FUNCTIONS = YES;
				GCC_WARN_INITIALIZER_NOT_FULLY_BRACKETED = YES;
				GCC_WARN_NON_VIRTUAL_DESTRUCTOR = YES;
				GCC_WARN_PEDANTIC = YES;
				GCC_WARN_SHADOW = YES;
				GCC_WARN_SIGN_COMPARE = YES;
				GCC_WARN_STRICT_SELECTOR_MATCH = YES;
				GCC_WARN_UNDECLARED_SELECTOR = YES;
				GCC_WARN_UNINITIALIZED_AUTOS = YES_AGGRESSIVE;
				GCC_WARN_UNKNOWN_PRAGMAS = YES;
				GCC_WARN_UNUSED_FUNCTION = YES;
				GCC_WARN_UNUSED_LABEL = YES;
				GCC_WARN_UNUSED_PARAMETER = YES;
				GCC_WARN_UNUSED_VARIABLE = YES;
				IPHONEOS_DEPLOYMENT_TARGET = 9.3;
				MTL_ENABLE_DEBUG_INFO = YES;
				ONLY_ACTIVE_ARCH = YES;
				SDKROOT = iphoneos;
				USER_HEADER_SEARCH_PATHS = "$(PROJECT_DIR)/Vendor/benz/include";
			};
			name = Debug;
		};
		624517A81CE62997001EC421 /* Release */ = {
			isa = XCBuildConfiguration;
			buildSettings = {
				ALWAYS_SEARCH_USER_PATHS = NO;
				CLANG_ANALYZER_LOCALIZABILITY_EMPTY_CONTEXT = YES;
				CLANG_ANALYZER_LOCALIZABILITY_NONLOCALIZED = YES;
				CLANG_ANALYZER_NONNULL = YES;
				CLANG_ANALYZER_SECURITY_FLOATLOOPCOUNTER = YES;
				CLANG_ANALYZER_SECURITY_INSECUREAPI_RAND = YES;
				CLANG_ANALYZER_SECURITY_INSECUREAPI_STRCPY = YES;
				CLANG_CXX_LANGUAGE_STANDARD = "gnu++0x";
				CLANG_CXX_LIBRARY = "libc++";
				CLANG_ENABLE_MODULES = YES;
				CLANG_ENABLE_OBJC_ARC = YES;
				CLANG_WARN_ASSIGN_ENUM = YES;
				CLANG_WARN_BOOL_CONVERSION = YES;
				CLANG_WARN_CONSTANT_CONVERSION = YES;
				CLANG_WARN_CXX0X_EXTENSIONS = YES;
				CLANG_WARN_DEPRECATED_OBJC_IMPLEMENTATIONS = YES;
				CLANG_WARN_DIRECT_OBJC_ISA_USAGE = YES_ERROR;
				CLANG_WARN_DOCUMENTATION_COMMENTS = YES;
				CLANG_WARN_EMPTY_BODY = YES;
				CLANG_WARN_ENUM_CONVERSION = YES;
				CLANG_WARN_IMPLICIT_SIGN_CONVERSION = YES;
				CLANG_WARN_INT_CONVERSION = YES;
				CLANG_WARN_NULLABLE_TO_NONNULL_CONVERSION = YES;
				CLANG_WARN_OBJC_EXPLICIT_OWNERSHIP_TYPE = YES;
				CLANG_WARN_OBJC_IMPLICIT_ATOMIC_PROPERTIES = YES;
				CLANG_WARN_OBJC_IMPLICIT_RETAIN_SELF = YES;
				CLANG_WARN_OBJC_MISSING_PROPERTY_SYNTHESIS = NO;
				CLANG_WARN_OBJC_ROOT_CLASS = YES_ERROR;
				CLANG_WARN_SUSPICIOUS_IMPLICIT_CONVERSION = YES;
				CLANG_WARN_UNREACHABLE_CODE = YES;
				CLANG_WARN__DUPLICATE_METHOD_MATCH = YES;
				CLANG_WARN__EXIT_TIME_DESTRUCTORS = YES;
				"CODE_SIGN_IDENTITY[sdk=iphoneos*]" = "iPhone Developer";
				COPY_PHASE_STRIP = NO;
				DEBUG_INFORMATION_FORMAT = "dwarf-with-dsym";
				ENABLE_NS_ASSERTIONS = NO;
				ENABLE_STRICT_OBJC_MSGSEND = YES;
				GCC_C_LANGUAGE_STANDARD = gnu99;
				GCC_NO_COMMON_BLOCKS = YES;
				GCC_TREAT_IMPLICIT_FUNCTION_DECLARATIONS_AS_ERRORS = YES;
				GCC_TREAT_INCOMPATIBLE_POINTER_TYPE_WARNINGS_AS_ERRORS = YES;
				GCC_TREAT_WARNINGS_AS_ERRORS = YES;
				GCC_WARN_64_TO_32_BIT_CONVERSION = YES;
				GCC_WARN_ABOUT_MISSING_FIELD_INITIALIZERS = YES;
				GCC_WARN_ABOUT_MISSING_NEWLINE = YES;
				GCC_WARN_ABOUT_MISSING_PROTOTYPES = YES;
				GCC_WARN_ABOUT_RETURN_TYPE = YES_ERROR;
				GCC_WARN_FOUR_CHARACTER_CONSTANTS = YES;
				GCC_WARN_HIDDEN_VIRTUAL_FUNCTIONS = YES;
				GCC_WARN_INITIALIZER_NOT_FULLY_BRACKETED = YES;
				GCC_WARN_NON_VIRTUAL_DESTRUCTOR = YES;
				GCC_WARN_PEDANTIC = YES;
				GCC_WARN_SHADOW = YES;
				GCC_WARN_SIGN_COMPARE = YES;
				GCC_WARN_STRICT_SELECTOR_MATCH = YES;
				GCC_WARN_UNDECLARED_SELECTOR = YES;
				GCC_WARN_UNINITIALIZED_AUTOS = YES_AGGRESSIVE;
				GCC_WARN_UNKNOWN_PRAGMAS = YES;
				GCC_WARN_UNUSED_FUNCTION = YES;
				GCC_WARN_UNUSED_LABEL = YES;
				GCC_WARN_UNUSED_PARAMETER = YES;
				GCC_WARN_UNUSED_VARIABLE = YES;
				IPHONEOS_DEPLOYMENT_TARGET = 9.3;
				MTL_ENABLE_DEBUG_INFO = NO;
				SDKROOT = iphoneos;
				USER_HEADER_SEARCH_PATHS = "$(PROJECT_DIR)/Vendor/benz/include";
				VALIDATE_PRODUCT = YES;
			};
			name = Release;
		};
		624517AA1CE62997001EC421 /* Debug */ = {
			isa = XCBuildConfiguration;
			buildSettings = {
				ASSETCATALOG_COMPILER_APPICON_NAME = AppIcon;
				INFOPLIST_FILE = SupportFiles/Info.plist;
				LD_RUNPATH_SEARCH_PATHS = "$(inherited) @executable_path/Frameworks";
				PRODUCT_BUNDLE_IDENTIFIER = com.alexisdigital.Elephanterpreter;
				PRODUCT_NAME = "$(TARGET_NAME)";
			};
			name = Debug;
		};
		624517AB1CE62997001EC421 /* Release */ = {
			isa = XCBuildConfiguration;
			buildSettings = {
				ASSETCATALOG_COMPILER_APPICON_NAME = AppIcon;
				INFOPLIST_FILE = SupportFiles/Info.plist;
				LD_RUNPATH_SEARCH_PATHS = "$(inherited) @executable_path/Frameworks";
				PRODUCT_BUNDLE_IDENTIFIER = com.alexisdigital.Elephanterpreter;
				PRODUCT_NAME = "$(TARGET_NAME)";
			};
			name = Release;
		};
		624517AD1CE62997001EC421 /* Debug */ = {
			isa = XCBuildConfiguration;
			buildSettings = {
				BUNDLE_LOADER = "$(TEST_HOST)";
				INFOPLIST_FILE = Tests/UnitTests/Info.plist;
				LD_RUNPATH_SEARCH_PATHS = "$(inherited) @executable_path/Frameworks @loader_path/Frameworks";
				PRODUCT_BUNDLE_IDENTIFIER = com.alexisdigital.ElephanterpreterTests;
				PRODUCT_NAME = "$(TARGET_NAME)";
				TEST_HOST = "$(BUILT_PRODUCTS_DIR)/Elephanterpreter.app/Elephanterpreter";
			};
			name = Debug;
		};
		624517AE1CE62997001EC421 /* Release */ = {
			isa = XCBuildConfiguration;
			buildSettings = {
				BUNDLE_LOADER = "$(TEST_HOST)";
				INFOPLIST_FILE = Tests/UnitTests/Info.plist;
				LD_RUNPATH_SEARCH_PATHS = "$(inherited) @executable_path/Frameworks @loader_path/Frameworks";
				PRODUCT_BUNDLE_IDENTIFIER = com.alexisdigital.ElephanterpreterTests;
				PRODUCT_NAME = "$(TARGET_NAME)";
				TEST_HOST = "$(BUILT_PRODUCTS_DIR)/Elephanterpreter.app/Elephanterpreter";
			};
			name = Release;
		};
		624517B01CE62997001EC421 /* Debug */ = {
			isa = XCBuildConfiguration;
			buildSettings = {
				INFOPLIST_FILE = Tests/UITests/Info.plist;
				LD_RUNPATH_SEARCH_PATHS = "$(inherited) @executable_path/Frameworks @loader_path/Frameworks";
				PRODUCT_BUNDLE_IDENTIFIER = com.alexisdigital.ElephanterpreterUITests;
				PRODUCT_NAME = "$(TARGET_NAME)";
				TEST_TARGET_NAME = Elephanterpreter;
			};
			name = Debug;
		};
		624517B11CE62997001EC421 /* Release */ = {
			isa = XCBuildConfiguration;
			buildSettings = {
				INFOPLIST_FILE = Tests/UITests/Info.plist;
				LD_RUNPATH_SEARCH_PATHS = "$(inherited) @executable_path/Frameworks @loader_path/Frameworks";
				PRODUCT_BUNDLE_IDENTIFIER = com.alexisdigital.ElephanterpreterUITests;
				PRODUCT_NAME = "$(TARGET_NAME)";
				TEST_TARGET_NAME = Elephanterpreter;
			};
			name = Release;
		};
/* End XCBuildConfiguration section */

/* Begin XCConfigurationList section */
		624517771CE62997001EC421 /* Build configuration list for PBXProject "Elephanterpreter" */ = {
			isa = XCConfigurationList;
			buildConfigurations = (
				624517A71CE62997001EC421 /* Debug */,
				624517A81CE62997001EC421 /* Release */,
			);
			defaultConfigurationIsVisible = 0;
			defaultConfigurationName = Release;
		};
		624517A91CE62997001EC421 /* Build configuration list for PBXNativeTarget "Elephanterpreter" */ = {
			isa = XCConfigurationList;
			buildConfigurations = (
				624517AA1CE62997001EC421 /* Debug */,
				624517AB1CE62997001EC421 /* Release */,
			);
			defaultConfigurationIsVisible = 0;
			defaultConfigurationName = Release;
		};
		624517AC1CE62997001EC421 /* Build configuration list for PBXNativeTarget "ElephanterpreterTests" */ = {
			isa = XCConfigurationList;
			buildConfigurations = (
				624517AD1CE62997001EC421 /* Debug */,
				624517AE1CE62997001EC421 /* Release */,
			);
			defaultConfigurationIsVisible = 0;
			defaultConfigurationName = Release;
		};
		624517AF1CE62997001EC421 /* Build configuration list for PBXNativeTarget "ElephanterpreterUITests" */ = {
			isa = XCConfigurationList;
			buildConfigurations = (
				624517B01CE62997001EC421 /* Debug */,
				624517B11CE62997001EC421 /* Release */,
			);
			defaultConfigurationIsVisible = 0;
			defaultConfigurationName = Release;
		};
/* End XCConfigurationList section */
	};
	rootObject = 624517741CE62997001EC421 /* Project object */;
}
